// !$*UTF8*$!
{
	archiveVersion = 1;
	classes = {
	};
	objectVersion = 48;
	objects = {

/* Begin PBXBuildFile section */
		4D4EF9B41F74B72B005DCE5C /* AppDelegate.m in Sources */ = {isa = PBXBuildFile; fileRef = 4D4EF9B31F74B72B005DCE5C /* AppDelegate.m */; };
		4D4EF9B71F74B72B005DCE5C /* ViewController.m in Sources */ = {isa = PBXBuildFile; fileRef = 4D4EF9B61F74B72B005DCE5C /* ViewController.m */; };
		4D4EF9BA1F74B72B005DCE5C /* Main.storyboard in Resources */ = {isa = PBXBuildFile; fileRef = 4D4EF9B81F74B72B005DCE5C /* Main.storyboard */; };
		4D4EF9BC1F74B72B005DCE5C /* Assets.xcassets in Resources */ = {isa = PBXBuildFile; fileRef = 4D4EF9BB1F74B72B005DCE5C /* Assets.xcassets */; };
		4D4EF9BF1F74B72B005DCE5C /* LaunchScreen.storyboard in Resources */ = {isa = PBXBuildFile; fileRef = 4D4EF9BD1F74B72B005DCE5C /* LaunchScreen.storyboard */; };
		4D4EF9C21F74B72B005DCE5C /* main.m in Sources */ = {isa = PBXBuildFile; fileRef = 4D4EF9C11F74B72B005DCE5C /* main.m */; };
		4D4EF9CB1F74F99E005DCE5C /* HZBNetworkUtil.m in Sources */ = {isa = PBXBuildFile; fileRef = 4D4EF9CA1F74F99E005DCE5C /* HZBNetworkUtil.m */; };
		4D4EF9CE1F74FD37005DCE5C /* HZBNetWorkReachability.m in Sources */ = {isa = PBXBuildFile; fileRef = 4D4EF9CD1F74FD37005DCE5C /* HZBNetWorkReachability.m */; };
		4D6FF2D51F788CF3006B8257 /* HZBNetWorkStatusModel.m in Sources */ = {isa = PBXBuildFile; fileRef = 4D6FF2D41F788CF3006B8257 /* HZBNetWorkStatusModel.m */; };
/* End PBXBuildFile section */

/* Begin PBXFileReference section */
		4D4EF9AF1F74B72B005DCE5C /* XTNetworkType.app */ = {isa = PBXFileReference; explicitFileType = wrapper.application; includeInIndex = 0; path = XTNetworkType.app; sourceTree = BUILT_PRODUCTS_DIR; };
		4D4EF9B21F74B72B005DCE5C /* AppDelegate.h */ = {isa = PBXFileReference; lastKnownFileType = sourcecode.c.h; path = AppDelegate.h; sourceTree = "<group>"; };
		4D4EF9B31F74B72B005DCE5C /* AppDelegate.m */ = {isa = PBXFileReference; lastKnownFileType = sourcecode.c.objc; path = AppDelegate.m; sourceTree = "<group>"; };
		4D4EF9B51F74B72B005DCE5C /* ViewController.h */ = {isa = PBXFileReference; lastKnownFileType = sourcecode.c.h; path = ViewController.h; sourceTree = "<group>"; };
		4D4EF9B61F74B72B005DCE5C /* ViewController.m */ = {isa = PBXFileReference; lastKnownFileType = sourcecode.c.objc; path = ViewController.m; sourceTree = "<group>"; };
		4D4EF9B91F74B72B005DCE5C /* Base */ = {isa = PBXFileReference; lastKnownFileType = file.storyboard; name = Base; path = Base.lproj/Main.storyboard; sourceTree = "<group>"; };
		4D4EF9BB1F74B72B005DCE5C /* Assets.xcassets */ = {isa = PBXFileReference; lastKnownFileType = folder.assetcatalog; path = Assets.xcassets; sourceTree = "<group>"; };
		4D4EF9BE1F74B72B005DCE5C /* Base */ = {isa = PBXFileReference; lastKnownFileType = file.storyboard; name = Base; path = Base.lproj/LaunchScreen.storyboard; sourceTree = "<group>"; };
		4D4EF9C01F74B72B005DCE5C /* Info.plist */ = {isa = PBXFileReference; lastKnownFileType = text.plist.xml; path = Info.plist; sourceTree = "<group>"; };
		4D4EF9C11F74B72B005DCE5C /* main.m */ = {isa = PBXFileReference; lastKnownFileType = sourcecode.c.objc; path = main.m; sourceTree = "<group>"; };
		4D4EF9C91F74F99E005DCE5C /* HZBNetworkUtil.h */ = {isa = PBXFileReference; lastKnownFileType = sourcecode.c.h; path = HZBNetworkUtil.h; sourceTree = "<group>"; };
		4D4EF9CA1F74F99E005DCE5C /* HZBNetworkUtil.m */ = {isa = PBXFileReference; lastKnownFileType = sourcecode.c.objc; path = HZBNetworkUtil.m; sourceTree = "<group>"; };
		4D4EF9CC1F74FD37005DCE5C /* HZBNetWorkReachability.h */ = {isa = PBXFileReference; fileEncoding = 4; lastKnownFileType = sourcecode.c.h; path = HZBNetWorkReachability.h; sourceTree = "<group>"; };
		4D4EF9CD1F74FD37005DCE5C /* HZBNetWorkReachability.m */ = {isa = PBXFileReference; fileEncoding = 4; lastKnownFileType = sourcecode.c.objc; path = HZBNetWorkReachability.m; sourceTree = "<group>"; };
		4D6FF2D31F788CF3006B8257 /* HZBNetWorkStatusModel.h */ = {isa = PBXFileReference; lastKnownFileType = sourcecode.c.h; path = HZBNetWorkStatusModel.h; sourceTree = "<group>"; };
		4D6FF2D41F788CF3006B8257 /* HZBNetWorkStatusModel.m */ = {isa = PBXFileReference; lastKnownFileType = sourcecode.c.objc; path = HZBNetWorkStatusModel.m; sourceTree = "<group>"; };
/* End PBXFileReference section */

/* Begin PBXFrameworksBuildPhase section */
		4D4EF9AC1F74B72B005DCE5C /* Frameworks */ = {
			isa = PBXFrameworksBuildPhase;
			buildActionMask = 2147483647;
			files = (
			);
			runOnlyForDeploymentPostprocessing = 0;
		};
/* End PBXFrameworksBuildPhase section */

/* Begin PBXGroup section */
		4D4EF9A61F74B72B005DCE5C = {
			isa = PBXGroup;
			children = (
				4D4EF9B11F74B72B005DCE5C /* XTNetworkType */,
				4D4EF9B01F74B72B005DCE5C /* Products */,
			);
			sourceTree = "<group>";
		};
		4D4EF9B01F74B72B005DCE5C /* Products */ = {
			isa = PBXGroup;
			children = (
				4D4EF9AF1F74B72B005DCE5C /* XTNetworkType.app */,
			);
			name = Products;
			sourceTree = "<group>";
		};
		4D4EF9B11F74B72B005DCE5C /* XTNetworkType */ = {
			isa = PBXGroup;
			children = (
				4D4EF9C81F74F956005DCE5C /* NetWork */,
				4D4EF9B21F74B72B005DCE5C /* AppDelegate.h */,
				4D4EF9B31F74B72B005DCE5C /* AppDelegate.m */,
				4D4EF9B51F74B72B005DCE5C /* ViewController.h */,
				4D4EF9B61F74B72B005DCE5C /* ViewController.m */,
				4D4EF9B81F74B72B005DCE5C /* Main.storyboard */,
				4D4EF9BB1F74B72B005DCE5C /* Assets.xcassets */,
				4D4EF9BD1F74B72B005DCE5C /* LaunchScreen.storyboard */,
				4D4EF9C01F74B72B005DCE5C /* Info.plist */,
				4D4EF9C11F74B72B005DCE5C /* main.m */,
			);
			path = XTNetworkType;
			sourceTree = "<group>";
		};
		4D4EF9C81F74F956005DCE5C /* NetWork */ = {
			isa = PBXGroup;
			children = (
				4D4EF9CC1F74FD37005DCE5C /* HZBNetWorkReachability.h */,
				4D4EF9CD1F74FD37005DCE5C /* HZBNetWorkReachability.m */,
				4D4EF9C91F74F99E005DCE5C /* HZBNetworkUtil.h */,
				4D4EF9CA1F74F99E005DCE5C /* HZBNetworkUtil.m */,
				4D6FF2D31F788CF3006B8257 /* HZBNetWorkStatusModel.h */,
				4D6FF2D41F788CF3006B8257 /* HZBNetWorkStatusModel.m */,
			);
			path = NetWork;
			sourceTree = "<group>";
		};
/* End PBXGroup section */

/* Begin PBXNativeTarget section */
		4D4EF9AE1F74B72B005DCE5C /* XTNetworkType */ = {
			isa = PBXNativeTarget;
			buildConfigurationList = 4D4EF9C51F74B72B005DCE5C /* Build configuration list for PBXNativeTarget "XTNetworkType" */;
			buildPhases = (
				4D4EF9AB1F74B72B005DCE5C /* Sources */,
				4D4EF9AC1F74B72B005DCE5C /* Frameworks */,
				4D4EF9AD1F74B72B005DCE5C /* Resources */,
			);
			buildRules = (
			);
			dependencies = (
			);
			name = XTNetworkType;
			productName = XTNetworkType;
			productReference = 4D4EF9AF1F74B72B005DCE5C /* XTNetworkType.app */;
			productType = "com.apple.product-type.application";
		};
/* End PBXNativeTarget section */

/* Begin PBXProject section */
		4D4EF9A71F74B72B005DCE5C /* Project object */ = {
			isa = PBXProject;
			attributes = {
				LastUpgradeCheck = 0900;
				ORGANIZATIONNAME = "安宁";
				TargetAttributes = {
					4D4EF9AE1F74B72B005DCE5C = {
						CreatedOnToolsVersion = 9.0;
						ProvisioningStyle = Automatic;
					};
				};
			};
			buildConfigurationList = 4D4EF9AA1F74B72B005DCE5C /* Build configuration list for PBXProject "XTNetworkType" */;
			compatibilityVersion = "Xcode 8.0";
			developmentRegion = en;
			hasScannedForEncodings = 0;
			knownRegions = (
				en,
				Base,
			);
			mainGroup = 4D4EF9A61F74B72B005DCE5C;
			productRefGroup = 4D4EF9B01F74B72B005DCE5C /* Products */;
			projectDirPath = "";
			projectRoot = "";
			targets = (
				4D4EF9AE1F74B72B005DCE5C /* XTNetworkType */,
			);
		};
/* End PBXProject section */

/* Begin PBXResourcesBuildPhase section */
		4D4EF9AD1F74B72B005DCE5C /* Resources */ = {
			isa = PBXResourcesBuildPhase;
			buildActionMask = 2147483647;
			files = (
				4D4EF9BF1F74B72B005DCE5C /* LaunchScreen.storyboard in Resources */,
				4D4EF9BC1F74B72B005DCE5C /* Assets.xcassets in Resources */,
				4D4EF9BA1F74B72B005DCE5C /* Main.storyboard in Resources */,
			);
			runOnlyForDeploymentPostprocessing = 0;
		};
/* End PBXResourcesBuildPhase section */

/* Begin PBXSourcesBuildPhase section */
		4D4EF9AB1F74B72B005DCE5C /* Sources */ = {
			isa = PBXSourcesBuildPhase;
			buildActionMask = 2147483647;
			files = (
				4D4EF9CE1F74FD37005DCE5C /* HZBNetWorkReachability.m in Sources */,
				4D4EF9B71F74B72B005DCE5C /* ViewController.m in Sources */,
				4D4EF9C21F74B72B005DCE5C /* main.m in Sources */,
				4D4EF9B41F74B72B005DCE5C /* AppDelegate.m in Sources */,
				4D4EF9CB1F74F99E005DCE5C /* HZBNetworkUtil.m in Sources */,
				4D6FF2D51F788CF3006B8257 /* HZBNetWorkStatusModel.m in Sources */,
			);
			runOnlyForDeploymentPostprocessing = 0;
		};
/* End PBXSourcesBuildPhase section */

/* Begin PBXVariantGroup section */
		4D4EF9B81F74B72B005DCE5C /* Main.storyboard */ = {
			isa = PBXVariantGroup;
			children = (
				4D4EF9B91F74B72B005DCE5C /* Base */,
			);
			name = Main.storyboard;
			sourceTree = "<group>";
		};
		4D4EF9BD1F74B72B005DCE5C /* LaunchScreen.storyboard */ = {
			isa = PBXVariantGroup;
			children = (
				4D4EF9BE1F74B72B005DCE5C /* Base */,
			);
			name = LaunchScreen.storyboard;
			sourceTree = "<group>";
		};
/* End PBXVariantGroup section */

/* Begin XCBuildConfiguration section */
		4D4EF9C31F74B72B005DCE5C /* Debug */ = {
			isa = XCBuildConfiguration;
			buildSettings = {
				ALWAYS_SEARCH_USER_PATHS = NO;
				CLANG_ANALYZER_NONNULL = YES;
				CLANG_ANALYZER_NUMBER_OBJECT_CONVERSION = YES_AGGRESSIVE;
				CLANG_CXX_LANGUAGE_STANDARD = "gnu++14";
				CLANG_CXX_LIBRARY = "libc++";
				CLANG_ENABLE_MODULES = YES;
				CLANG_ENABLE_OBJC_ARC = YES;
				CLANG_WARN_BLOCK_CAPTURE_AUTORELEASING = YES;
				CLANG_WARN_BOOL_CONVERSION = YES;
				CLANG_WARN_COMMA = YES;
				CLANG_WARN_CONSTANT_CONVERSION = YES;
				CLANG_WARN_DIRECT_OBJC_ISA_USAGE = YES_ERROR;
				CLANG_WARN_DOCUMENTATION_COMMENTS = YES;
				CLANG_WARN_EMPTY_BODY = YES;
				CLANG_WARN_ENUM_CONVERSION = YES;
				CLANG_WARN_INFINITE_RECURSION = YES;
				CLANG_WARN_INT_CONVERSION = YES;
				CLANG_WARN_NON_LITERAL_NULL_CONVERSION = YES;
				CLANG_WARN_OBJC_LITERAL_CONVERSION = YES;
				CLANG_WARN_OBJC_ROOT_CLASS = YES_ERROR;
				CLANG_WARN_RANGE_LOOP_ANALYSIS = YES;
				CLANG_WARN_STRICT_PROTOTYPES = YES;
				CLANG_WARN_SUSPICIOUS_MOVE = YES;
				CLANG_WARN_UNGUARDED_AVAILABILITY = YES_AGGRESSIVE;
				CLANG_WARN_UNREACHABLE_CODE = YES;
				CLANG_WARN__DUPLICATE_METHOD_MATCH = YES;
				CODE_SIGN_IDENTITY = "iPhone Developer";
				COPY_PHASE_STRIP = NO;
				DEBUG_INFORMATION_FORMAT = dwarf;
				ENABLE_STRICT_OBJC_MSGSEND = YES;
				ENABLE_TESTABILITY = YES;
				GCC_C_LANGUAGE_STANDARD = gnu11;
				GCC_DYNAMIC_NO_PIC = NO;
				GCC_NO_COMMON_BLOCKS = YES;
				GCC_OPTIMIZATION_LEVEL = 0;
				GCC_PREPROCESSOR_DEFINITIONS = (
					"DEBUG=1",
					"$(inherited)",
				);
				GCC_WARN_64_TO_32_BIT_CONVERSION = YES;
				GCC_WARN_ABOUT_RETURN_TYPE = YES_ERROR;
				GCC_WARN_UNDECLARED_SELECTOR = YES;
				GCC_WARN_UNINITIALIZED_AUTOS = YES_AGGRESSIVE;
				GCC_WARN_UNUSED_FUNCTION = YES;
				GCC_WARN_UNUSED_VARIABLE = YES;
				IPHONEOS_DEPLOYMENT_TARGET = 11.0;
				MTL_ENABLE_DEBUG_INFO = YES;
				ONLY_ACTIVE_ARCH = YES;
				SDKROOT = iphoneos;
			};
			name = Debug;
		};
		4D4EF9C41F74B72B005DCE5C /* Release */ = {
			isa = XCBuildConfiguration;
			buildSettings = {
				ALWAYS_SEARCH_USER_PATHS = NO;
				CLANG_ANALYZER_NONNULL = YES;
				CLANG_ANALYZER_NUMBER_OBJECT_CONVERSION = YES_AGGRESSIVE;
				CLANG_CXX_LANGUAGE_STANDARD = "gnu++14";
				CLANG_CXX_LIBRARY = "libc++";
				CLANG_ENABLE_MODULES = YES;
				CLANG_ENABLE_OBJC_ARC = YES;
				CLANG_WARN_BLOCK_CAPTURE_AUTORELEASING = YES;
				CLANG_WARN_BOOL_CONVERSION = YES;
				CLANG_WARN_COMMA = YES;
				CLANG_WARN_CONSTANT_CONVERSION = YES;
				CLANG_WARN_DIRECT_OBJC_ISA_USAGE = YES_ERROR;
				CLANG_WARN_DOCUMENTATION_COMMENTS = YES;
				CLANG_WARN_EMPTY_BODY = YES;
				CLANG_WARN_ENUM_CONVERSION = YES;
				CLANG_WARN_INFINITE_RECURSION = YES;
				CLANG_WARN_INT_CONVERSION = YES;
				CLANG_WARN_NON_LITERAL_NULL_CONVERSION = YES;
				CLANG_WARN_OBJC_LITERAL_CONVERSION = YES;
				CLANG_WARN_OBJC_ROOT_CLASS = YES_ERROR;
				CLANG_WARN_RANGE_LOOP_ANALYSIS = YES;
				CLANG_WARN_STRICT_PROTOTYPES = YES;
				CLANG_WARN_SUSPICIOUS_MOVE = YES;
				CLANG_WARN_UNGUARDED_AVAILABILITY = YES_AGGRESSIVE;
				CLANG_WARN_UNREACHABLE_CODE = YES;
				CLANG_WARN__DUPLICATE_METHOD_MATCH = YES;
				CODE_SIGN_IDENTITY = "iPhone Developer";
				COPY_PHASE_STRIP = NO;
				DEBUG_INFORMATION_FORMAT = "dwarf-with-dsym";
				ENABLE_NS_ASSERTIONS = NO;
				ENABLE_STRICT_OBJC_MSGSEND = YES;
				GCC_C_LANGUAGE_STANDARD = gnu11;
				GCC_NO_COMMON_BLOCKS = YES;
				GCC_WARN_64_TO_32_BIT_CONVERSION = YES;
				GCC_WARN_ABOUT_RETURN_TYPE = YES_ERROR;
				GCC_WARN_UNDECLARED_SELECTOR = YES;
				GCC_WARN_UNINITIALIZED_AUTOS = YES_AGGRESSIVE;
				GCC_WARN_UNUSED_FUNCTION = YES;
				GCC_WARN_UNUSED_VARIABLE = YES;
				IPHONEOS_DEPLOYMENT_TARGET = 11.0;
				MTL_ENABLE_DEBUG_INFO = NO;
				SDKROOT = iphoneos;
				VALIDATE_PRODUCT = YES;
			};
			name = Release;
		};
		4D4EF9C61F74B72B005DCE5C /* Debug */ = {
			isa = XCBuildConfiguration;
			buildSettings = {
				ASSETCATALOG_COMPILER_APPICON_NAME = AppIcon;
				CODE_SIGN_STYLE = Automatic;
				DEVELOPMENT_TEAM = 8429SBRZW5;
				INFOPLIST_FILE = XTNetworkType/Info.plist;
				IPHONEOS_DEPLOYMENT_TARGET = 8.0;
				LD_RUNPATH_SEARCH_PATHS = "$(inherited) @executable_path/Frameworks";
				PRODUCT_BUNDLE_IDENTIFIER = anning.XTNetworkType;
				PRODUCT_NAME = "$(TARGET_NAME)";
				TARGETED_DEVICE_FAMILY = "1,2";
			};
			name = Debug;
		};
		4D4EF9C71F74B72B005DCE5C /* Release */ = {
			isa = XCBuildConfiguration;
			buildSettings = {
				ASSETCATALOG_COMPILER_APPICON_NAME = AppIcon;
				CODE_SIGN_STYLE = Automatic;
				DEVELOPMENT_TEAM = 8429SBRZW5;
				INFOPLIST_FILE = XTNetworkType/Info.plist;
				IPHONEOS_DEPLOYMENT_TARGET = 8.0;
				LD_RUNPATH_SEARCH_PATHS = "$(inherited) @executable_path/Frameworks";
				PRODUCT_BUNDLE_IDENTIFIER = anning.XTNetworkType;
				PRODUCT_NAME = "$(TARGET_NAME)";
				TARGETED_DEVICE_FAMILY = "1,2";
			};
			name = Release;
		};
/* End XCBuildConfiguration section */

/* Begin XCConfigurationList section */
		4D4EF9AA1F74B72B005DCE5C /* Build configuration list for PBXProject "XTNetworkType" */ = {
			isa = XCConfigurationList;
			buildConfigurations = (
				4D4EF9C31F74B72B005DCE5C /* Debug */,
				4D4EF9C41F74B72B005DCE5C /* Release */,
			);
			defaultConfigurationIsVisible = 0;
			defaultConfigurationName = Release;
		};
		4D4EF9C51F74B72B005DCE5C /* Build configuration list for PBXNativeTarget "XTNetworkType" */ = {
			isa = XCConfigurationList;
			buildConfigurations = (
				4D4EF9C61F74B72B005DCE5C /* Debug */,
				4D4EF9C71F74B72B005DCE5C /* Release */,
			);
			defaultConfigurationIsVisible = 0;
			defaultConfigurationName = Release;
		};
/* End XCConfigurationList section */
	};
	rootObject = 4D4EF9A71F74B72B005DCE5C /* Project object */;
}
